
Microsoft Visual Studio Solution File, Format Version 12.00
# Visual Studio 14
VisualStudioVersion = 14.0.25420.1
MinimumVisualStudioVersion = 10.0.40219.1
Project("{FAE04EC0-301F-11D3-BF4B-00C04F79EFBC}") = "Ejercicio Nro 01", "Ejercicio Nro 01\Ejercicio Nro 01.csproj", "{7044B0E2-EA29-4314-A2B4-22FBFEC333C1}"
EndProject
Project("{FAE04EC0-301F-11D3-BF4B-00C04F79EFBC}") = "Ejercicio Nro 02", "Ejercicio Nro 2\Ejercicio Nro 02.csproj", "{0B37D675-86BB-4107-BD61-6D01B22DDD19}"
EndProject
Project("{FAE04EC0-301F-11D3-BF4B-00C04F79EFBC}") = "Ejercicio Nro 03", "Ejercicio Nro 03\Ejercicio Nro 03.csproj", "{B6C8C43D-2B24-4320-9C89-174A925586C4}"
EndProject
Project("{FAE04EC0-301F-11D3-BF4B-00C04F79EFBC}") = "Ejercicio Nro 04", "Ejercicio Nro 04\Ejercicio Nro 04.csproj", "{BB527DE2-21EF-4003-BA0E-3323A13A21AB}"
EndProject
Project("{FAE04EC0-301F-11D3-BF4B-00C04F79EFBC}") = "Ejercicio Nro 05", "Ejercicio Nro 05\Ejercicio Nro 05.csproj", "{8617ED0F-9BB1-4C41-A865-B24787A921D8}"
EndProject
Project("{FAE04EC0-301F-11D3-BF4B-00C04F79EFBC}") = "Ejercicio Nro 06", "Ejercicio Nro 06\Ejercicio Nro 06.csproj", "{F60B3567-5A61-4B29-8829-4BE37367B534}"
EndProject
Project("{FAE04EC0-301F-11D3-BF4B-00C04F79EFBC}") = "Ejercicio Nro 07", "Ejercicio Nro 07\Ejercicio Nro 07.csproj", "{80CB3FD7-8CF8-4699-B5C2-CC4616B0C219}"
EndProject
Project("{FAE04EC0-301F-11D3-BF4B-00C04F79EFBC}") = "Ejercicio Nro 08", "Ejercicio Nro 08\Ejercicio Nro 08.csproj", "{D88FD939-C3F8-4E42-8440-9E9000CD07DB}"
EndProject
Global
	GlobalSection(SolutionConfigurationPlatforms) = preSolution
		Debug|Any CPU = Debug|Any CPU
		Release|Any CPU = Release|Any CPU
	EndGlobalSection
	GlobalSection(ProjectConfigurationPlatforms) = postSolution
		{7044B0E2-EA29-4314-A2B4-22FBFEC333C1}.Debug|Any CPU.ActiveCfg = Debug|Any CPU
		{7044B0E2-EA29-4314-A2B4-22FBFEC333C1}.Debug|Any CPU.Build.0 = Debug|Any CPU
		{7044B0E2-EA29-4314-A2B4-22FBFEC333C1}.Release|Any CPU.ActiveCfg = Release|Any CPU
		{7044B0E2-EA29-4314-A2B4-22FBFEC333C1}.Release|Any CPU.Build.0 = Release|Any CPU
		{0B37D675-86BB-4107-BD61-6D01B22DDD19}.Debug|Any CPU.ActiveCfg = Debug|Any CPU
		{0B37D675-86BB-4107-BD61-6D01B22DDD19}.Debug|Any CPU.Build.0 = Debug|Any CPU
		{0B37D675-86BB-4107-BD61-6D01B22DDD19}.Release|Any CPU.ActiveCfg = Release|Any CPU
		{0B37D675-86BB-4107-BD61-6D01B22DDD19}.Release|Any CPU.Build.0 = Release|Any CPU
		{B6C8C43D-2B24-4320-9C89-174A925586C4}.Debug|Any CPU.ActiveCfg = Debug|Any CPU
		{B6C8C43D-2B24-4320-9C89-174A925586C4}.Debug|Any CPU.Build.0 = Debug|Any CPU
		{B6C8C43D-2B24-4320-9C89-174A925586C4}.Release|Any CPU.ActiveCfg = Release|Any CPU
		{B6C8C43D-2B24-4320-9C89-174A925586C4}.Release|Any CPU.Build.0 = Release|Any CPU
		{BB527DE2-21EF-4003-BA0E-3323A13A21AB}.Debug|Any CPU.ActiveCfg = Debug|Any CPU
		{BB527DE2-21EF-4003-BA0E-3323A13A21AB}.Debug|Any CPU.Build.0 = Debug|Any CPU
		{BB527DE2-21EF-4003-BA0E-3323A13A21AB}.Release|Any CPU.ActiveCfg = Release|Any CPU
		{BB527DE2-21EF-4003-BA0E-3323A13A21AB}.Release|Any CPU.Build.0 = Release|Any CPU
		{8617ED0F-9BB1-4C41-A865-B24787A921D8}.Debug|Any CPU.ActiveCfg = Debug|Any CPU
		{8617ED0F-9BB1-4C41-A865-B24787A921D8}.Debug|Any CPU.Build.0 = Debug|Any CPU
		{8617ED0F-9BB1-4C41-A865-B24787A921D8}.Release|Any CPU.ActiveCfg = Release|Any CPU
		{8617ED0F-9BB1-4C41-A865-B24787A921D8}.Release|Any CPU.Build.0 = Release|Any CPU
		{F60B3567-5A61-4B29-8829-4BE37367B534}.Debug|Any CPU.ActiveCfg = Debug|Any CPU
		{F60B3567-5A61-4B29-8829-4BE37367B534}.Debug|Any CPU.Build.0 = Debug|Any CPU
		{F60B3567-5A61-4B29-8829-4BE37367B534}.Release|Any CPU.ActiveCfg = Release|Any CPU
		{F60B3567-5A61-4B29-8829-4BE37367B534}.Release|Any CPU.Build.0 = Release|Any CPU
		{80CB3FD7-8CF8-4699-B5C2-CC4616B0C219}.Debug|Any CPU.ActiveCfg = Debug|Any CPU
		{80CB3FD7-8CF8-4699-B5C2-CC4616B0C219}.Debug|Any CPU.Build.0 = Debug|Any CPU
		{80CB3FD7-8CF8-4699-B5C2-CC4616B0C219}.Release|Any CPU.ActiveCfg = Release|Any CPU
		{80CB3FD7-8CF8-4699-B5C2-CC4616B0C219}.Release|Any CPU.Build.0 = Release|Any CPU
		{D88FD939-C3F8-4E42-8440-9E9000CD07DB}.Debug|Any CPU.ActiveCfg = Debug|Any CPU
		{D88FD939-C3F8-4E42-8440-9E9000CD07DB}.Debug|Any CPU.Build.0 = Debug|Any CPU
		{D88FD939-C3F8-4E42-8440-9E9000CD07DB}.Release|Any CPU.ActiveCfg = Release|Any CPU
		{D88FD939-C3F8-4E42-8440-9E9000CD07DB}.Release|Any CPU.Build.0 = Release|Any CPU
	EndGlobalSection
	GlobalSection(SolutionProperties) = preSolution
		HideSolutionNode = FALSE
	EndGlobalSection
EndGlobal
