
Microsoft Visual Studio Solution File, Format Version 12.00
# Visual Studio 14
VisualStudioVersion = 14.0.25420.1
MinimumVisualStudioVersion = 10.0.40219.1
Project("{FAE04EC0-301F-11D3-BF4B-00C04F79EFBC}") = "Ejercicio Nro 01", "Ejercicio Nro 01\Ejercicio Nro 01.csproj", "{7044B0E2-EA29-4314-A2B4-22FBFEC333C1}"
EndProject
Project("{FAE04EC0-301F-11D3-BF4B-00C04F79EFBC}") = "Ejercicio Nro 02", "Ejercicio Nro 2\Ejercicio Nro 02.csproj", "{0B37D675-86BB-4107-BD61-6D01B22DDD19}"
EndProject
Project("{FAE04EC0-301F-11D3-BF4B-00C04F79EFBC}") = "Ejercicio Nro 03", "Ejercicio Nro 03\Ejercicio Nro 03.csproj", "{B6C8C43D-2B24-4320-9C89-174A925586C4}"
EndProject
Project("{FAE04EC0-301F-11D3-BF4B-00C04F79EFBC}") = "Ejercicio Nro 04", "Ejercicio Nro 04\Ejercicio Nro 04.csproj", "{BB527DE2-21EF-4003-BA0E-3323A13A21AB}"
EndProject
Project("{FAE04EC0-301F-11D3-BF4B-00C04F79EFBC}") = "Ejercicio Nro 05", "Ejercicio Nro 05\Ejercicio Nro 05.csproj", "{8617ED0F-9BB1-4C41-A865-B24787A921D8}"
EndProject
Project("{FAE04EC0-301F-11D3-BF4B-00C04F79EFBC}") = "Ejercicio Nro 06", "Ejercicio Nro 06\Ejercicio Nro 06.csproj", "{F60B3567-5A61-4B29-8829-4BE37367B534}"
EndProject
Project("{FAE04EC0-301F-11D3-BF4B-00C04F79EFBC}") = "Ejercicio Nro 07", "Ejercicio Nro 07\Ejercicio Nro 07.csproj", "{80CB3FD7-8CF8-4699-B5C2-CC4616B0C219}"
EndProject
Project("{FAE04EC0-301F-11D3-BF4B-00C04F79EFBC}") = "Ejercicio Nro 08", "Ejercicio Nro 08\Ejercicio Nro 08.csproj", "{D88FD939-C3F8-4E42-8440-9E9000CD07DB}"
EndProject
Project("{FAE04EC0-301F-11D3-BF4B-00C04F79EFBC}") = "Ejercicio Nro 11", "Ejercicio Nro 11\Ejercicio Nro 11.csproj", "{31662D57-F131-4154-A9F6-06841950DC58}"
EndProject
Project("{FAE04EC0-301F-11D3-BF4B-00C04F79EFBC}") = "Ejercicio Nro 12", "Ejercicio Nro 12\Ejercicio Nro 12.csproj", "{A7BC10B8-F84A-4860-B6C3-99B5E133956A}"
EndProject
Project("{FAE04EC0-301F-11D3-BF4B-00C04F79EFBC}") = "Ejercicio Nro 13", "Ejercicio Nro 13\Ejercicio Nro 13.csproj", "{8394D62A-5FCD-429A-A68C-1C7FBF467D58}"
EndProject
Project("{FAE04EC0-301F-11D3-BF4B-00C04F79EFBC}") = "Ejercicio Nro 14", "Ejercicio Nro 14\Ejercicio Nro 14.csproj", "{1BDF9969-36D4-4D90-8543-0AC859F38F24}"
EndProject
Project("{FAE04EC0-301F-11D3-BF4B-00C04F79EFBC}") = "Ejercicio Nro 15", "Ejercicio Nro 15\Ejercicio Nro 15.csproj", "{86324A47-E48A-473B-B415-220DCAD97CE9}"
EndProject
Project("{FAE04EC0-301F-11D3-BF4B-00C04F79EFBC}") = "Ejercicio Nro 16", "Ejercicio Nro 16\Ejercicio Nro 16.csproj", "{0462B6DC-79EE-431E-B9E6-5092CCA822A4}"
EndProject
Project("{FAE04EC0-301F-11D3-BF4B-00C04F79EFBC}") = "Ejercicio Nro 17", "Ejercicio Nro 17\Ejercicio Nro 17.csproj", "{00D4A30D-E0B3-4C24-BA5B-63F161624CC1}"
EndProject
Project("{FAE04EC0-301F-11D3-BF4B-00C04F79EFBC}") = "Ejercicio Nro 18", "Ejercicio Nro 18\Ejercicio Nro 18.csproj", "{86693880-9CA6-4578-BABA-A4A1C4737F4F}"
EndProject
Project("{FAE04EC0-301F-11D3-BF4B-00C04F79EFBC}") = "Ejercicio Nro 19", "Ejercicio Nro 19\Ejercicio Nro 19.csproj", "{ECA618E0-C800-4FB8-B5FC-217E032F5CCA}"
EndProject
Project("{FAE04EC0-301F-11D3-BF4B-00C04F79EFBC}") = "Ejercicio Nro 20", "Ejercicio Nro 20\Ejercicio Nro 20.csproj", "{66D02191-15F9-4272-83C2-54C934511BF1}"
EndProject
Global
	GlobalSection(SolutionConfigurationPlatforms) = preSolution
		Debug|Any CPU = Debug|Any CPU
		Release|Any CPU = Release|Any CPU
	EndGlobalSection
	GlobalSection(ProjectConfigurationPlatforms) = postSolution
		{7044B0E2-EA29-4314-A2B4-22FBFEC333C1}.Debug|Any CPU.ActiveCfg = Debug|Any CPU
		{7044B0E2-EA29-4314-A2B4-22FBFEC333C1}.Debug|Any CPU.Build.0 = Debug|Any CPU
		{7044B0E2-EA29-4314-A2B4-22FBFEC333C1}.Release|Any CPU.ActiveCfg = Release|Any CPU
		{7044B0E2-EA29-4314-A2B4-22FBFEC333C1}.Release|Any CPU.Build.0 = Release|Any CPU
		{0B37D675-86BB-4107-BD61-6D01B22DDD19}.Debug|Any CPU.ActiveCfg = Debug|Any CPU
		{0B37D675-86BB-4107-BD61-6D01B22DDD19}.Debug|Any CPU.Build.0 = Debug|Any CPU
		{0B37D675-86BB-4107-BD61-6D01B22DDD19}.Release|Any CPU.ActiveCfg = Release|Any CPU
		{0B37D675-86BB-4107-BD61-6D01B22DDD19}.Release|Any CPU.Build.0 = Release|Any CPU
		{B6C8C43D-2B24-4320-9C89-174A925586C4}.Debug|Any CPU.ActiveCfg = Debug|Any CPU
		{B6C8C43D-2B24-4320-9C89-174A925586C4}.Debug|Any CPU.Build.0 = Debug|Any CPU
		{B6C8C43D-2B24-4320-9C89-174A925586C4}.Release|Any CPU.ActiveCfg = Release|Any CPU
		{B6C8C43D-2B24-4320-9C89-174A925586C4}.Release|Any CPU.Build.0 = Release|Any CPU
		{BB527DE2-21EF-4003-BA0E-3323A13A21AB}.Debug|Any CPU.ActiveCfg = Debug|Any CPU
		{BB527DE2-21EF-4003-BA0E-3323A13A21AB}.Debug|Any CPU.Build.0 = Debug|Any CPU
		{BB527DE2-21EF-4003-BA0E-3323A13A21AB}.Release|Any CPU.ActiveCfg = Release|Any CPU
		{BB527DE2-21EF-4003-BA0E-3323A13A21AB}.Release|Any CPU.Build.0 = Release|Any CPU
		{8617ED0F-9BB1-4C41-A865-B24787A921D8}.Debug|Any CPU.ActiveCfg = Debug|Any CPU
		{8617ED0F-9BB1-4C41-A865-B24787A921D8}.Debug|Any CPU.Build.0 = Debug|Any CPU
		{8617ED0F-9BB1-4C41-A865-B24787A921D8}.Release|Any CPU.ActiveCfg = Release|Any CPU
		{8617ED0F-9BB1-4C41-A865-B24787A921D8}.Release|Any CPU.Build.0 = Release|Any CPU
		{F60B3567-5A61-4B29-8829-4BE37367B534}.Debug|Any CPU.ActiveCfg = Debug|Any CPU
		{F60B3567-5A61-4B29-8829-4BE37367B534}.Debug|Any CPU.Build.0 = Debug|Any CPU
		{F60B3567-5A61-4B29-8829-4BE37367B534}.Release|Any CPU.ActiveCfg = Release|Any CPU
		{F60B3567-5A61-4B29-8829-4BE37367B534}.Release|Any CPU.Build.0 = Release|Any CPU
		{80CB3FD7-8CF8-4699-B5C2-CC4616B0C219}.Debug|Any CPU.ActiveCfg = Debug|Any CPU
		{80CB3FD7-8CF8-4699-B5C2-CC4616B0C219}.Debug|Any CPU.Build.0 = Debug|Any CPU
		{80CB3FD7-8CF8-4699-B5C2-CC4616B0C219}.Release|Any CPU.ActiveCfg = Release|Any CPU
		{80CB3FD7-8CF8-4699-B5C2-CC4616B0C219}.Release|Any CPU.Build.0 = Release|Any CPU
		{D88FD939-C3F8-4E42-8440-9E9000CD07DB}.Debug|Any CPU.ActiveCfg = Debug|Any CPU
		{D88FD939-C3F8-4E42-8440-9E9000CD07DB}.Debug|Any CPU.Build.0 = Debug|Any CPU
		{D88FD939-C3F8-4E42-8440-9E9000CD07DB}.Release|Any CPU.ActiveCfg = Release|Any CPU
		{D88FD939-C3F8-4E42-8440-9E9000CD07DB}.Release|Any CPU.Build.0 = Release|Any CPU
		{31662D57-F131-4154-A9F6-06841950DC58}.Debug|Any CPU.ActiveCfg = Debug|Any CPU
		{31662D57-F131-4154-A9F6-06841950DC58}.Debug|Any CPU.Build.0 = Debug|Any CPU
		{31662D57-F131-4154-A9F6-06841950DC58}.Release|Any CPU.ActiveCfg = Release|Any CPU
		{31662D57-F131-4154-A9F6-06841950DC58}.Release|Any CPU.Build.0 = Release|Any CPU
		{A7BC10B8-F84A-4860-B6C3-99B5E133956A}.Debug|Any CPU.ActiveCfg = Debug|Any CPU
		{A7BC10B8-F84A-4860-B6C3-99B5E133956A}.Debug|Any CPU.Build.0 = Debug|Any CPU
		{A7BC10B8-F84A-4860-B6C3-99B5E133956A}.Release|Any CPU.ActiveCfg = Release|Any CPU
		{A7BC10B8-F84A-4860-B6C3-99B5E133956A}.Release|Any CPU.Build.0 = Release|Any CPU
		{8394D62A-5FCD-429A-A68C-1C7FBF467D58}.Debug|Any CPU.ActiveCfg = Debug|Any CPU
		{8394D62A-5FCD-429A-A68C-1C7FBF467D58}.Debug|Any CPU.Build.0 = Debug|Any CPU
		{8394D62A-5FCD-429A-A68C-1C7FBF467D58}.Release|Any CPU.ActiveCfg = Release|Any CPU
		{8394D62A-5FCD-429A-A68C-1C7FBF467D58}.Release|Any CPU.Build.0 = Release|Any CPU
		{1BDF9969-36D4-4D90-8543-0AC859F38F24}.Debug|Any CPU.ActiveCfg = Debug|Any CPU
		{1BDF9969-36D4-4D90-8543-0AC859F38F24}.Debug|Any CPU.Build.0 = Debug|Any CPU
		{1BDF9969-36D4-4D90-8543-0AC859F38F24}.Release|Any CPU.ActiveCfg = Release|Any CPU
		{1BDF9969-36D4-4D90-8543-0AC859F38F24}.Release|Any CPU.Build.0 = Release|Any CPU
		{86324A47-E48A-473B-B415-220DCAD97CE9}.Debug|Any CPU.ActiveCfg = Debug|Any CPU
		{86324A47-E48A-473B-B415-220DCAD97CE9}.Debug|Any CPU.Build.0 = Debug|Any CPU
		{86324A47-E48A-473B-B415-220DCAD97CE9}.Release|Any CPU.ActiveCfg = Release|Any CPU
		{86324A47-E48A-473B-B415-220DCAD97CE9}.Release|Any CPU.Build.0 = Release|Any CPU
		{0462B6DC-79EE-431E-B9E6-5092CCA822A4}.Debug|Any CPU.ActiveCfg = Debug|Any CPU
		{0462B6DC-79EE-431E-B9E6-5092CCA822A4}.Debug|Any CPU.Build.0 = Debug|Any CPU
		{0462B6DC-79EE-431E-B9E6-5092CCA822A4}.Release|Any CPU.ActiveCfg = Release|Any CPU
		{0462B6DC-79EE-431E-B9E6-5092CCA822A4}.Release|Any CPU.Build.0 = Release|Any CPU
		{00D4A30D-E0B3-4C24-BA5B-63F161624CC1}.Debug|Any CPU.ActiveCfg = Debug|Any CPU
		{00D4A30D-E0B3-4C24-BA5B-63F161624CC1}.Debug|Any CPU.Build.0 = Debug|Any CPU
		{00D4A30D-E0B3-4C24-BA5B-63F161624CC1}.Release|Any CPU.ActiveCfg = Release|Any CPU
		{00D4A30D-E0B3-4C24-BA5B-63F161624CC1}.Release|Any CPU.Build.0 = Release|Any CPU
		{86693880-9CA6-4578-BABA-A4A1C4737F4F}.Debug|Any CPU.ActiveCfg = Debug|Any CPU
		{86693880-9CA6-4578-BABA-A4A1C4737F4F}.Debug|Any CPU.Build.0 = Debug|Any CPU
		{86693880-9CA6-4578-BABA-A4A1C4737F4F}.Release|Any CPU.ActiveCfg = Release|Any CPU
		{86693880-9CA6-4578-BABA-A4A1C4737F4F}.Release|Any CPU.Build.0 = Release|Any CPU
		{ECA618E0-C800-4FB8-B5FC-217E032F5CCA}.Debug|Any CPU.ActiveCfg = Debug|Any CPU
		{ECA618E0-C800-4FB8-B5FC-217E032F5CCA}.Debug|Any CPU.Build.0 = Debug|Any CPU
		{ECA618E0-C800-4FB8-B5FC-217E032F5CCA}.Release|Any CPU.ActiveCfg = Release|Any CPU
		{ECA618E0-C800-4FB8-B5FC-217E032F5CCA}.Release|Any CPU.Build.0 = Release|Any CPU
		{66D02191-15F9-4272-83C2-54C934511BF1}.Debug|Any CPU.ActiveCfg = Debug|Any CPU
		{66D02191-15F9-4272-83C2-54C934511BF1}.Debug|Any CPU.Build.0 = Debug|Any CPU
		{66D02191-15F9-4272-83C2-54C934511BF1}.Release|Any CPU.ActiveCfg = Release|Any CPU
		{66D02191-15F9-4272-83C2-54C934511BF1}.Release|Any CPU.Build.0 = Release|Any CPU
	EndGlobalSection
	GlobalSection(SolutionProperties) = preSolution
		HideSolutionNode = FALSE
	EndGlobalSection
EndGlobal
